
Microsoft Visual Studio Solution File, Format Version 12.00
# Visual Studio Version 16
VisualStudioVersion = 16.0.30717.126
MinimumVisualStudioVersion = 10.0.40219.1
Project("{9A19103F-16F7-4668-BE54-9A1E7A4F7556}") = "KBCommunication", "KBCommunication\KBCommunication.csproj", "{B9CCF5DD-F026-4FE9-97A8-4A8F0CFEFA34}"
EndProject
Project("{9A19103F-16F7-4668-BE54-9A1E7A4F7556}") = "KBCommunicationRouted", "KBCommunicationRouted\KBCommunicationRouted.csproj", "{86528B68-9B5C-4496-8D90-2699A8910472}"
EndProject
Project("{9A19103F-16F7-4668-BE54-9A1E7A4F7556}") = "KBCommunicationTest", "KBCommunicationTest\KBCommunicationTest.csproj", "{59534718-446C-43FA-9236-D9C38FFAFBDE}"
EndProject
Project("{FAE04EC0-301F-11D3-BF4B-00C04F79EFBC}") = "KBStreamingStandard", "KBStreamingStandard\KBStreamingStandard.csproj", "{2DCC5442-F21C-41F9-97C2-9951981C935D}"
EndProject
Global
	GlobalSection(SolutionConfigurationPlatforms) = preSolution
		Debug|Any CPU = Debug|Any CPU
		Release|Any CPU = Release|Any CPU
	EndGlobalSection
	GlobalSection(ProjectConfigurationPlatforms) = postSolution
		{B9CCF5DD-F026-4FE9-97A8-4A8F0CFEFA34}.Debug|Any CPU.ActiveCfg = Debug|Any CPU
		{B9CCF5DD-F026-4FE9-97A8-4A8F0CFEFA34}.Debug|Any CPU.Build.0 = Debug|Any CPU
		{B9CCF5DD-F026-4FE9-97A8-4A8F0CFEFA34}.Release|Any CPU.ActiveCfg = Release|Any CPU
		{B9CCF5DD-F026-4FE9-97A8-4A8F0CFEFA34}.Release|Any CPU.Build.0 = Release|Any CPU
		{86528B68-9B5C-4496-8D90-2699A8910472}.Debug|Any CPU.ActiveCfg = Debug|Any CPU
		{86528B68-9B5C-4496-8D90-2699A8910472}.Debug|Any CPU.Build.0 = Debug|Any CPU
		{86528B68-9B5C-4496-8D90-2699A8910472}.Release|Any CPU.ActiveCfg = Release|Any CPU
		{86528B68-9B5C-4496-8D90-2699A8910472}.Release|Any CPU.Build.0 = Release|Any CPU
		{59534718-446C-43FA-9236-D9C38FFAFBDE}.Debug|Any CPU.ActiveCfg = Debug|Any CPU
		{59534718-446C-43FA-9236-D9C38FFAFBDE}.Debug|Any CPU.Build.0 = Debug|Any CPU
		{59534718-446C-43FA-9236-D9C38FFAFBDE}.Release|Any CPU.ActiveCfg = Release|Any CPU
		{59534718-446C-43FA-9236-D9C38FFAFBDE}.Release|Any CPU.Build.0 = Release|Any CPU
		{2DCC5442-F21C-41F9-97C2-9951981C935D}.Debug|Any CPU.ActiveCfg = Debug|Any CPU
		{2DCC5442-F21C-41F9-97C2-9951981C935D}.Debug|Any CPU.Build.0 = Debug|Any CPU
		{2DCC5442-F21C-41F9-97C2-9951981C935D}.Release|Any CPU.ActiveCfg = Release|Any CPU
		{2DCC5442-F21C-41F9-97C2-9951981C935D}.Release|Any CPU.Build.0 = Release|Any CPU
	EndGlobalSection
	GlobalSection(SolutionProperties) = preSolution
		HideSolutionNode = FALSE
	EndGlobalSection
	GlobalSection(ExtensibilityGlobals) = postSolution
		SolutionGuid = {60BADFAF-41A7-489B-B303-3920BCA994E0}
	EndGlobalSection
EndGlobal
